{
  "version": 4,
  "terraform_version": "1.6.4",
  "serial": 6,
  "lineage": "e180d479-ee8b-c3b5-8fca-7302797904db",
  "outputs": {},
  "resources": [
    {
      "mode": "managed",
      "type": "random_string",
      "name": "rondom",
      "provider": "provider[\"registry.terraform.io/hashicorp/random\"]",
      "instances": [
        {
          "schema_version": 2,
          "attributes": {
            "id": "W\u0026(Ve0+wi%8*3\u0026E7Mb",
            "keepers": null,
            "length": 18,
            "lower": true,
            "min_lower": 0,
            "min_numeric": 0,
            "min_special": 0,
            "min_upper": 0,
            "number": true,
            "numeric": true,
            "override_special": null,
            "result": "W\u0026(Ve0+wi%8*3\u0026E7Mb",
            "special": true,
            "upper": true
          },
          "sensitive_attributes": []
        }
      ]
    }
  ],
  "check_results": null
}
